// !$*UTF8*$!
{
	archiveVersion = 1;
	classes = {
	};
	objectVersion = 46;
	objects = {

/* Begin PBXBuildFile section */
		81AD5AA11C7B60B50063DE63 /* API.swift in Sources */ = {isa = PBXBuildFile; fileRef = 81AD5AA01C7B60B50063DE63 /* API.swift */; };
		CD82708C1C703EE600AE644E /* AppDelegate.swift in Sources */ = {isa = PBXBuildFile; fileRef = CD82708B1C703EE600AE644E /* AppDelegate.swift */; };
		CD82708E1C703EE600AE644E /* ViewController.swift in Sources */ = {isa = PBXBuildFile; fileRef = CD82708D1C703EE600AE644E /* ViewController.swift */; };
		CD8270911C703EE600AE644E /* Main.storyboard in Resources */ = {isa = PBXBuildFile; fileRef = CD82708F1C703EE600AE644E /* Main.storyboard */; };
		CD8270931C703EE600AE644E /* Assets.xcassets in Resources */ = {isa = PBXBuildFile; fileRef = CD8270921C703EE600AE644E /* Assets.xcassets */; };
		CD8270961C703EE600AE644E /* LaunchScreen.storyboard in Resources */ = {isa = PBXBuildFile; fileRef = CD8270941C703EE600AE644E /* LaunchScreen.storyboard */; };
		CD82709F1C705D8400AE644E /* SKAPMediaItem.swift in Sources */ = {isa = PBXBuildFile; fileRef = CD82709E1C705D8400AE644E /* SKAPMediaItem.swift */; };
		CD8270A11C795F2A00AE644E /* Util.swift in Sources */ = {isa = PBXBuildFile; fileRef = CD8270A01C795F2A00AE644E /* Util.swift */; };
/* End PBXBuildFile section */

/* Begin PBXFileReference section */
		81AD5AA01C7B60B50063DE63 /* API.swift */ = {isa = PBXFileReference; fileEncoding = 4; lastKnownFileType = sourcecode.swift; name = API.swift; path = Network/API.swift; sourceTree = "<group>"; };
		CD8270881C703EE600AE644E /* Skap.app */ = {isa = PBXFileReference; explicitFileType = wrapper.application; includeInIndex = 0; path = Skap.app; sourceTree = BUILT_PRODUCTS_DIR; };
		CD82708B1C703EE600AE644E /* AppDelegate.swift */ = {isa = PBXFileReference; lastKnownFileType = sourcecode.swift; path = AppDelegate.swift; sourceTree = "<group>"; };
		CD82708D1C703EE600AE644E /* ViewController.swift */ = {isa = PBXFileReference; lastKnownFileType = sourcecode.swift; path = ViewController.swift; sourceTree = "<group>"; };
		CD8270901C703EE600AE644E /* Base */ = {isa = PBXFileReference; lastKnownFileType = file.storyboard; name = Base; path = Base.lproj/Main.storyboard; sourceTree = "<group>"; };
		CD8270921C703EE600AE644E /* Assets.xcassets */ = {isa = PBXFileReference; lastKnownFileType = folder.assetcatalog; path = Assets.xcassets; sourceTree = "<group>"; };
		CD8270951C703EE600AE644E /* Base */ = {isa = PBXFileReference; lastKnownFileType = file.storyboard; name = Base; path = Base.lproj/LaunchScreen.storyboard; sourceTree = "<group>"; };
		CD8270971C703EE600AE644E /* Info.plist */ = {isa = PBXFileReference; lastKnownFileType = text.plist.xml; path = Info.plist; sourceTree = "<group>"; };
		CD82709E1C705D8400AE644E /* SKAPMediaItem.swift */ = {isa = PBXFileReference; fileEncoding = 4; lastKnownFileType = sourcecode.swift; name = SKAPMediaItem.swift; path = Model/SKAPMediaItem.swift; sourceTree = "<group>"; };
		CD8270A01C795F2A00AE644E /* Util.swift */ = {isa = PBXFileReference; fileEncoding = 4; lastKnownFileType = sourcecode.swift; path = Util.swift; sourceTree = "<group>"; };
/* End PBXFileReference section */

/* Begin PBXFrameworksBuildPhase section */
		CD8270851C703EE600AE644E /* Frameworks */ = {
			isa = PBXFrameworksBuildPhase;
			buildActionMask = 2147483647;
			files = (
			);
			runOnlyForDeploymentPostprocessing = 0;
		};
/* End PBXFrameworksBuildPhase section */

/* Begin PBXGroup section */
		81AD5A9F1C7B609E0063DE63 /* Network */ = {
			isa = PBXGroup;
			children = (
				81AD5AA01C7B60B50063DE63 /* API.swift */,
			);
			name = Network;
			sourceTree = "<group>";
		};
		CD82707F1C703EE600AE644E = {
			isa = PBXGroup;
			children = (
				CD82708A1C703EE600AE644E /* Skap */,
				CD8270891C703EE600AE644E /* Products */,
			);
			sourceTree = "<group>";
		};
		CD8270891C703EE600AE644E /* Products */ = {
			isa = PBXGroup;
			children = (
				CD8270881C703EE600AE644E /* Skap.app */,
			);
			name = Products;
			sourceTree = "<group>";
		};
		CD82708A1C703EE600AE644E /* Skap */ = {
			isa = PBXGroup;
			children = (
				CD82708B1C703EE600AE644E /* AppDelegate.swift */,
				CD82708D1C703EE600AE644E /* ViewController.swift */,
				CD8270A01C795F2A00AE644E /* Util.swift */,
				CD82709D1C705CD000AE644E /* Model */,
				81AD5A9F1C7B609E0063DE63 /* Network */,
				CD82708F1C703EE600AE644E /* Main.storyboard */,
				CD8270921C703EE600AE644E /* Assets.xcassets */,
				CD8270941C703EE600AE644E /* LaunchScreen.storyboard */,
				CD8270971C703EE600AE644E /* Info.plist */,
			);
			path = Skap;
			sourceTree = "<group>";
		};
		CD82709D1C705CD000AE644E /* Model */ = {
			isa = PBXGroup;
			children = (
				CD82709E1C705D8400AE644E /* SKAPMediaItem.swift */,
			);
			name = Model;
			sourceTree = "<group>";
		};
/* End PBXGroup section */

/* Begin PBXNativeTarget section */
		CD8270871C703EE600AE644E /* Skap */ = {
			isa = PBXNativeTarget;
			buildConfigurationList = CD82709A1C703EE600AE644E /* Build configuration list for PBXNativeTarget "Skap" */;
			buildPhases = (
				CD8270841C703EE600AE644E /* Sources */,
				CD8270851C703EE600AE644E /* Frameworks */,
				CD8270861C703EE600AE644E /* Resources */,
			);
			buildRules = (
			);
			dependencies = (
			);
			name = Skap;
			productName = Skap;
			productReference = CD8270881C703EE600AE644E /* Skap.app */;
			productType = "com.apple.product-type.application";
		};
/* End PBXNativeTarget section */

/* Begin PBXProject section */
		CD8270801C703EE600AE644E /* Project object */ = {
			isa = PBXProject;
			attributes = {
				LastSwiftUpdateCheck = 0720;
				LastUpgradeCheck = 0720;
				ORGANIZATIONNAME = "Zachary Stegall";
				TargetAttributes = {
					CD8270871C703EE600AE644E = {
						CreatedOnToolsVersion = 7.2.1;
						SystemCapabilities = {
							com.apple.BackgroundModes = {
								enabled = 1;
							};
						};
					};
				};
			};
			buildConfigurationList = CD8270831C703EE600AE644E /* Build configuration list for PBXProject "Skap" */;
			compatibilityVersion = "Xcode 3.2";
			developmentRegion = English;
			hasScannedForEncodings = 0;
			knownRegions = (
				en,
				Base,
			);
			mainGroup = CD82707F1C703EE600AE644E;
			productRefGroup = CD8270891C703EE600AE644E /* Products */;
			projectDirPath = "";
			projectRoot = "";
			targets = (
				CD8270871C703EE600AE644E /* Skap */,
			);
		};
/* End PBXProject section */

/* Begin PBXResourcesBuildPhase section */
		CD8270861C703EE600AE644E /* Resources */ = {
			isa = PBXResourcesBuildPhase;
			buildActionMask = 2147483647;
			files = (
				CD8270961C703EE600AE644E /* LaunchScreen.storyboard in Resources */,
				CD8270931C703EE600AE644E /* Assets.xcassets in Resources */,
				CD8270911C703EE600AE644E /* Main.storyboard in Resources */,
			);
			runOnlyForDeploymentPostprocessing = 0;
		};
/* End PBXResourcesBuildPhase section */

/* Begin PBXSourcesBuildPhase section */
		CD8270841C703EE600AE644E /* Sources */ = {
			isa = PBXSourcesBuildPhase;
			buildActionMask = 2147483647;
			files = (
				CD82708E1C703EE600AE644E /* ViewController.swift in Sources */,
				CD82708C1C703EE600AE644E /* AppDelegate.swift in Sources */,
				CD82709F1C705D8400AE644E /* SKAPMediaItem.swift in Sources */,
				CD8270A11C795F2A00AE644E /* Util.swift in Sources */,
				81AD5AA11C7B60B50063DE63 /* API.swift in Sources */,
			);
			runOnlyForDeploymentPostprocessing = 0;
		};
/* End PBXSourcesBuildPhase section */

/* Begin PBXVariantGroup section */
		CD82708F1C703EE600AE644E /* Main.storyboard */ = {
			isa = PBXVariantGroup;
			children = (
				CD8270901C703EE600AE644E /* Base */,
			);
			name = Main.storyboard;
			sourceTree = "<group>";
		};
		CD8270941C703EE600AE644E /* LaunchScreen.storyboard */ = {
			isa = PBXVariantGroup;
			children = (
				CD8270951C703EE600AE644E /* Base */,
			);
			name = LaunchScreen.storyboard;
			sourceTree = "<group>";
		};
/* End PBXVariantGroup section */

/* Begin XCBuildConfiguration section */
		CD8270981C703EE600AE644E /* Debug */ = {
			isa = XCBuildConfiguration;
			buildSettings = {
				ALWAYS_SEARCH_USER_PATHS = NO;
				CLANG_CXX_LANGUAGE_STANDARD = "gnu++0x";
				CLANG_CXX_LIBRARY = "libc++";
				CLANG_ENABLE_MODULES = YES;
				CLANG_ENABLE_OBJC_ARC = YES;
				CLANG_WARN_BOOL_CONVERSION = YES;
				CLANG_WARN_CONSTANT_CONVERSION = YES;
				CLANG_WARN_DIRECT_OBJC_ISA_USAGE = YES_ERROR;
				CLANG_WARN_EMPTY_BODY = YES;
				CLANG_WARN_ENUM_CONVERSION = YES;
				CLANG_WARN_INT_CONVERSION = YES;
				CLANG_WARN_OBJC_ROOT_CLASS = YES_ERROR;
				CLANG_WARN_UNREACHABLE_CODE = YES;
				CLANG_WARN__DUPLICATE_METHOD_MATCH = YES;
				"CODE_SIGN_IDENTITY[sdk=iphoneos*]" = "iPhone Developer";
				COPY_PHASE_STRIP = NO;
				DEBUG_INFORMATION_FORMAT = dwarf;
				ENABLE_STRICT_OBJC_MSGSEND = YES;
				ENABLE_TESTABILITY = YES;
				GCC_C_LANGUAGE_STANDARD = gnu99;
				GCC_DYNAMIC_NO_PIC = NO;
				GCC_NO_COMMON_BLOCKS = YES;
				GCC_OPTIMIZATION_LEVEL = 0;
				GCC_PREPROCESSOR_DEFINITIONS = (
					"DEBUG=1",
					"$(inherited)",
				);
				GCC_WARN_64_TO_32_BIT_CONVERSION = YES;
				GCC_WARN_ABOUT_RETURN_TYPE = YES_ERROR;
				GCC_WARN_UNDECLARED_SELECTOR = YES;
				GCC_WARN_UNINITIALIZED_AUTOS = YES_AGGRESSIVE;
				GCC_WARN_UNUSED_FUNCTION = YES;
				GCC_WARN_UNUSED_VARIABLE = YES;
				IPHONEOS_DEPLOYMENT_TARGET = 9.2;
				MTL_ENABLE_DEBUG_INFO = YES;
				ONLY_ACTIVE_ARCH = YES;
				SDKROOT = iphoneos;
				SWIFT_OPTIMIZATION_LEVEL = "-Onone";
				TARGETED_DEVICE_FAMILY = "1,2";
			};
			name = Debug;
		};
		CD8270991C703EE600AE644E /* Release */ = {
			isa = XCBuildConfiguration;
			buildSettings = {
				ALWAYS_SEARCH_USER_PATHS = NO;
				CLANG_CXX_LANGUAGE_STANDARD = "gnu++0x";
				CLANG_CXX_LIBRARY = "libc++";
				CLANG_ENABLE_MODULES = YES;
				CLANG_ENABLE_OBJC_ARC = YES;
				CLANG_WARN_BOOL_CONVERSION = YES;
				CLANG_WARN_CONSTANT_CONVERSION = YES;
				CLANG_WARN_DIRECT_OBJC_ISA_USAGE = YES_ERROR;
				CLANG_WARN_EMPTY_BODY = YES;
				CLANG_WARN_ENUM_CONVERSION = YES;
				CLANG_WARN_INT_CONVERSION = YES;
				CLANG_WARN_OBJC_ROOT_CLASS = YES_ERROR;
				CLANG_WARN_UNREACHABLE_CODE = YES;
				CLANG_WARN__DUPLICATE_METHOD_MATCH = YES;
				"CODE_SIGN_IDENTITY[sdk=iphoneos*]" = "iPhone Developer";
				COPY_PHASE_STRIP = NO;
				DEBUG_INFORMATION_FORMAT = "dwarf-with-dsym";
				ENABLE_NS_ASSERTIONS = NO;
				ENABLE_STRICT_OBJC_MSGSEND = YES;
				GCC_C_LANGUAGE_STANDARD = gnu99;
				GCC_NO_COMMON_BLOCKS = YES;
				GCC_WARN_64_TO_32_BIT_CONVERSION = YES;
				GCC_WARN_ABOUT_RETURN_TYPE = YES_ERROR;
				GCC_WARN_UNDECLARED_SELECTOR = YES;
				GCC_WARN_UNINITIALIZED_AUTOS = YES_AGGRESSIVE;
				GCC_WARN_UNUSED_FUNCTION = YES;
				GCC_WARN_UNUSED_VARIABLE = YES;
				IPHONEOS_DEPLOYMENT_TARGET = 9.2;
				MTL_ENABLE_DEBUG_INFO = NO;
				SDKROOT = iphoneos;
				TARGETED_DEVICE_FAMILY = "1,2";
				VALIDATE_PRODUCT = YES;
			};
			name = Release;
		};
		CD82709B1C703EE600AE644E /* Debug */ = {
			isa = XCBuildConfiguration;
			buildSettings = {
				ASSETCATALOG_COMPILER_APPICON_NAME = AppIcon;
				INFOPLIST_FILE = Skap/Info.plist;
				LD_RUNPATH_SEARCH_PATHS = "$(inherited) @executable_path/Frameworks";
				PRODUCT_BUNDLE_IDENTIFIER = com.zacharystegall.Skap;
				PRODUCT_NAME = "$(TARGET_NAME)";
			};
			name = Debug;
		};
		CD82709C1C703EE600AE644E /* Release */ = {
			isa = XCBuildConfiguration;
			buildSettings = {
				ASSETCATALOG_COMPILER_APPICON_NAME = AppIcon;
				INFOPLIST_FILE = Skap/Info.plist;
				LD_RUNPATH_SEARCH_PATHS = "$(inherited) @executable_path/Frameworks";
				PRODUCT_BUNDLE_IDENTIFIER = com.zacharystegall.Skap;
				PRODUCT_NAME = "$(TARGET_NAME)";
			};
			name = Release;
		};
/* End XCBuildConfiguration section */

/* Begin XCConfigurationList section */
		CD8270831C703EE600AE644E /* Build configuration list for PBXProject "Skap" */ = {
			isa = XCConfigurationList;
			buildConfigurations = (
				CD8270981C703EE600AE644E /* Debug */,
				CD8270991C703EE600AE644E /* Release */,
			);
			defaultConfigurationIsVisible = 0;
			defaultConfigurationName = Release;
		};
		CD82709A1C703EE600AE644E /* Build configuration list for PBXNativeTarget "Skap" */ = {
			isa = XCConfigurationList;
			buildConfigurations = (
				CD82709B1C703EE600AE644E /* Debug */,
				CD82709C1C703EE600AE644E /* Release */,
			);
			defaultConfigurationIsVisible = 0;
			defaultConfigurationName = Release;
		};
/* End XCConfigurationList section */
	};
	rootObject = CD8270801C703EE600AE644E /* Project object */;
}
